{
    "_meta": {
        "hash": {
            "sha256": "b8de397903f124fc1dd41b7e99a033f509d3faaa658d5388f8be0c79c9d6d5f0"
        },
        "pipfile-spec": 6,
        "requires": {
            "python_version": "3.7"
        },
        "sources": [
            {
                "name": "pypi",
                "url": "https://pypi.org/simple",
                "verify_ssl": true
            }
        ]
    },
    "default": {
        "args": {
            "hashes": [
                "sha256:2eec4781a4d164e8df364b8fde01a0089e711a0d9ec7d8f55cfbc4897197a138",
                "sha256:a785b8d837625e9b61c39108532d95b85274acd679693b71ebb5156848fcf814"
            ],
            "version": "==0.1.0"
        },
        "certifi": {
            "hashes": [
                "sha256:78884e7c1d4b00ce3cea67b44566851c4343c120abd683433ce934a68ea58872",
                "sha256:d62a0163eb4c2344ac042ab2bdf75399a71a2d8c7d47eac2e2ee91b9d6339569"
            ],
            "version": "==2021.10.8"
        },
        "chardet": {
            "hashes": [
                "sha256:84ab92ed1c4d4f16916e05906b6b75a6c0fb5db821cc65e70cbd64a3e2a5eaae",
                "sha256:fc323ffcaeaed0e0a02bf4d117757b98aed530d9ed4531e3e15460124c106691"
            ],
            "version": "==3.0.4"
        },
        "clint": {
            "hashes": [
                "sha256:05224c32b1075563d0b16d0015faaf9da43aa214e4a2140e51f08789e7a4c5aa"
            ],
            "index": "pypi",
            "version": "==0.5.1"
        },
        "django": {
            "hashes": [
                "sha256:275bec66fd2588dd517ada59b8bfb23d4a9abc5a362349139ddda3c7ff6f5ade",
                "sha256:939652e9d34d7d53d74d5d8ef82a19e5f8bb2de75618f7e5360691b6e9667963"
            ],
            "index": "pypi",
            "version": "==2.1.7"
        },
        "django-cors-headers": {
            "hashes": [
                "sha256:1ccedec2973087be9d73f96d58c4f6660c823efc0385581e13efb77f060d0e02",
                "sha256:fb44f6b9f10de847919305c3f0d38fcfbadfe0dd5cf1c866f37df66ad0dda1bb"
            ],
            "index": "pypi",
            "version": "==2.5.2"
        },
        "gunicorn": {
            "hashes": [
                "sha256:aa8e0b40b4157b36a5df5e599f45c9c76d6af43845ba3b3b0efe2c70473c2471",
                "sha256:fa2662097c66f920f53f70621c6c58ca4a3c4d3434205e608e121b5b3b71f4f3"
            ],
            "index": "pypi",
            "version": "==19.9.0"
        },
        "idna": {
            "hashes": [
                "sha256:c357b3f628cf53ae2c4c05627ecc484553142ca23264e593d327bcde5e9c3407",
                "sha256:ea8b7f6188e6fa117537c3df7da9fc686d485087abf6ac197f9c46432f7e4a3c"
            ],
            "version": "==2.8"
        },
        "pillow": {
            "hashes": [
                "sha256:011233e0c42a4a7836498e98c1acf5e744c96a67dd5032a6f666cc1fb97eab97",
                "sha256:0f29d831e2151e0b7b39981756d201f7108d3d215896212ffe2e992d06bfe049",
                "sha256:12875d118f21cf35604176872447cdb57b07126750a33748bac15e77f90f1f9c",
                "sha256:14d4b1341ac07ae07eb2cc682f459bec932a380c3b122f5540432d8977e64eae",
                "sha256:1c3c33ac69cf059bbb9d1a71eeaba76781b450bc307e2291f8a4764d779a6b28",
                "sha256:1d19397351f73a88904ad1aee421e800fe4bbcd1aeee6435fb62d0a05ccd1030",
                "sha256:253e8a302a96df6927310a9d44e6103055e8fb96a6822f8b7f514bb7ef77de56",
                "sha256:2632d0f846b7c7600edf53c48f8f9f1e13e62f66a6dbc15191029d950bfed976",
                "sha256:335ace1a22325395c4ea88e00ba3dc89ca029bd66bd5a3c382d53e44f0ccd77e",
                "sha256:413ce0bbf9fc6278b2d63309dfeefe452835e1c78398efb431bab0672fe9274e",
                "sha256:5100b45a4638e3c00e4d2320d3193bdabb2d75e79793af7c3eb139e4f569f16f",
                "sha256:514ceac913076feefbeaf89771fd6febde78b0c4c1b23aaeab082c41c694e81b",
                "sha256:528a2a692c65dd5cafc130de286030af251d2ee0483a5bf50c9348aefe834e8a",
                "sha256:6295f6763749b89c994fcb6d8a7f7ce03c3992e695f89f00b741b4580b199b7e",
                "sha256:6c8bc8238a7dfdaf7a75f5ec5a663f4173f8c367e5a39f87e720495e1eed75fa",
                "sha256:718856856ba31f14f13ba885ff13874be7fefc53984d2832458f12c38205f7f7",
                "sha256:7f7609a718b177bf171ac93cea9fd2ddc0e03e84d8fa4e887bdfc39671d46b00",
                "sha256:80ca33961ced9c63358056bd08403ff866512038883e74f3a4bf88ad3eb66838",
                "sha256:80fe64a6deb6fcfdf7b8386f2cf216d329be6f2781f7d90304351811fb591360",
                "sha256:81c4b81611e3a3cb30e59b0cf05b888c675f97e3adb2c8672c3154047980726b",
                "sha256:855c583f268edde09474b081e3ddcd5cf3b20c12f26e0d434e1386cc5d318e7a",
                "sha256:9bfdb82cdfeccec50aad441afc332faf8606dfa5e8efd18a6692b5d6e79f00fd",
                "sha256:a5d24e1d674dd9d72c66ad3ea9131322819ff86250b30dc5821cbafcfa0b96b4",
                "sha256:a9f44cd7e162ac6191491d7249cceb02b8116b0f7e847ee33f739d7cb1ea1f70",
                "sha256:b5b3f092fe345c03bca1e0b687dfbb39364b21ebb8ba90e3fa707374b7915204",
                "sha256:b9618823bd237c0d2575283f2939655f54d51b4527ec3972907a927acbcc5bfc",
                "sha256:cef9c85ccbe9bee00909758936ea841ef12035296c748aaceee535969e27d31b",
                "sha256:d21237d0cd37acded35154e29aec853e945950321dd2ffd1a7d86fe686814669",
                "sha256:d3c5c79ab7dfce6d88f1ba639b77e77a17ea33a01b07b99840d6ed08031cb2a7",
                "sha256:d9d7942b624b04b895cb95af03a23407f17646815495ce4547f0e60e0b06f58e",
                "sha256:db6d9fac65bd08cea7f3540b899977c6dee9edad959fa4eaf305940d9cbd861c",
                "sha256:ede5af4a2702444a832a800b8eb7f0a7a1c0eed55b644642e049c98d589e5092",
                "sha256:effb7749713d5317478bb3acb3f81d9d7c7f86726d41c1facca068a04cf5bb4c",
                "sha256:f154d173286a5d1863637a7dcd8c3437bb557520b01bddb0be0258dcb72696b5",
                "sha256:f25ed6e28ddf50de7e7ea99d7a976d6a9c415f03adcaac9c41ff6ff41b6d86ac"
            ],
            "index": "pypi",
            "version": "==9.0.1"
        },
        "pycryptodome": {
            "hashes": [
                "sha256:088ff55d55d39f694b60cbd317493d0000145c6bc99aa9e90a73cbd5a2bd42bc",
                "sha256:0b51742caff03fc78530bca3912a524cb13113cb68a9c2ba1e456f1f3005c059",
                "sha256:15a02ffebc3c69461ca98db53853cb074cc5ec8d79d5ec7585e8158757a5f629",
                "sha256:1a2e6ab1d76418fb316e8811b916cd39e72280314cedbcb66c0bee6ec5d448ae",
                "sha256:1be38efb39dbaff52e3e46c2d7af2bd3e4b2bb650a9feea9cba4f80cb3cd0c7a",
                "sha256:22c067adf74aa5015c594ea876271b577b98cd5edd972a69f7996bb54d1e5fb1",
                "sha256:23404c7de4dfc875fca64025e7fb73dfbbdf14ac17f6de85ea72beca15501f30",
                "sha256:239cc0385248735537d137ea1723df093c93a0c5b6163a452361fe6fb757ebda",
                "sha256:2c016c01c2f89a9833316d4b208b2b57c9c77ad1a3374156985ad1c0ea4429a7",
                "sha256:349bf0f023254ed853178b42fd83be3d75b0d7751b5f0f90670bc6fef6449ecb",
                "sha256:3db05498d6435d88154a68a2b8440afcb9ea52e5478aa45d2906993a86c10427",
                "sha256:52cb45959d14a12cfe38c31ec32ec13a693bf15069ec24c3292cc6279829b409",
                "sha256:5d55f34d7925573a6037b5f4211aebf5f832876113745063f335087ff083082d",
                "sha256:6574f87186bdc787047f0b0e4c9ee32dbfc958ee6d376cf18042874a618739ec",
                "sha256:67dedb3f0f84021f61955ca1f2229a1ee4ebfd0a7bfda2827094aec60e50391a",
                "sha256:7473ed4b44f6615ecadb9b0af6aa7b74bffcce5d9e7d41c863622c7423a402a7",
                "sha256:778aab70e4fff39cb220167e3977561feb73807c5a0cda85c01527674009764f",
                "sha256:853a65e8abdc8701de2b0d06d8c9f822a37208cf2ce537f9932280e504aa50de",
                "sha256:b1644f820e31d144fc017c031a1c3967e5c82caa47b1c36499d45b7f7bad09d6",
                "sha256:bab4191f870e07e1882de442c9878c6947b7c2181b37a7dc7394d3c7d0c2302c",
                "sha256:c10ce7d63b420b74be1181d69def5bfd0e5eb19de92ace4650097e5b895d7107",
                "sha256:c6e4bf9d42a108b6679939d7f81bc317a3faa2cbda450ccef99da15fe2160623",
                "sha256:cec840820c3295cc76bcdb2b13c26cb03532bd657a4331bae463672d6ad56c0d",
                "sha256:d2202465cec166c4449ba1f128b89a24f88e306d1c3171b7d91ab8d3826a4d6e",
                "sha256:e76067a1d72b7c9010c906e7086fa69320398c7638d563d9c929f83ac2e7d146",
                "sha256:eef04eb8083f5469ea0a7d11220790ce7ba407597bbac160ec645c95e3552afa",
                "sha256:fbd5f5dd55590c587a9198ba140ee3a662014f9f4903c0d8f0b1273e9ea3ae36",
                "sha256:fe0f3604bb525b9d715a58ca7137a423f0527f826da0d287aa9eb566956e0a0c"
            ],
            "index": "pypi",
            "version": "==3.8.0"
        },
        "pytz": {
            "hashes": [
                "sha256:3672058bc3453457b622aab7a1c3bfd5ab0bdae451512f6cf25f64ed37f5b87c",
                "sha256:acad2d8b20a1af07d4e4c9d2e9285c5ed9104354062f275f3fcd88dcef4f1326"
            ],
            "version": "==2021.3"
        },
        "requests": {
            "hashes": [
                "sha256:502a824f31acdacb3a35b6690b5fbf0bc41d63a24a45c4004352b0242707598e",
                "sha256:7bf2a778576d825600030a110f3c0e3e8edc51dfaafe1c146e39a2027784957b"
            ],
            "index": "pypi",
            "version": "==2.21.0"
        },
        "requests-toolbelt": {
            "hashes": [
                "sha256:380606e1d10dc85c3bd47bf5a6095f815ec007be7a8b69c878507068df059e6f",
                "sha256:968089d4584ad4ad7c171454f0a5c6dac23971e9472521ea3b6d49d610aa6fc0"
            ],
            "index": "pypi",
            "version": "==0.9.1"
        },
        "urllib3": {
            "hashes": [
                "sha256:61bf29cada3fc2fbefad4fdf059ea4bd1b4a86d2b6d15e1c7c0b582b9752fe39",
                "sha256:de9529817c93f27c8ccbfead6985011db27bd0ddfcdb2d86f3f663385c6a9c22"
            ],
            "index": "pypi",
            "version": "==1.24.1"
        }
    },
    "develop": {}
}
